<?xml version="1.0" encoding="UTF-8" standalone="yes" ?>
<CodeBlocks_project_file>
	<FileVersion major="1" minor="6" />
	<Project>
		<Option title="SDL_image_TTF_Template" />
		<Option pch_mode="2" />
		<Option compiler="gcc" />
		<Option virtualFolders="sources\;" />
		<Build>
			<Target title="Debug">
				<Option output="bin/Debug/SDL_image_TTF_Template" prefix_auto="1" extension_auto="1" />
				<Option object_output="obj/Debug/" />
				<Option type="1" />
				<Option compiler="gcc" />
				<Compiler>
					<Add option="-g" />
				</Compiler>
				<Linker>
					<Add library="C:/Program Files (x86)/CodeBlocks/MinGW/lib/libfmodex.a" />
				</Linker>
			</Target>
			<Target title="Release">
				<Option output="bin/Release/SDL_image_TTF_Template" prefix_auto="1" extension_auto="1" />
				<Option object_output="obj/Release/" />
				<Option type="1" />
				<Option compiler="gcc" />
				<Compiler>
					<Add option="-O2" />
				</Compiler>
				<Linker>
					<Add option="-s" />
				</Linker>
			</Target>
		</Build>
		<Compiler>
			<Add option="-Wall" />
			<Add directory="include" />
		</Compiler>
		<Linker>
			<Add library="mingw32" />
			<Add library="SDLmain" />
			<Add library="SDL" />
			<Add library="lib/SDL_image.lib" />
			<Add library="lib/SDL_TTF.lib" />
			<Add directory="lib" />
		</Linker>
		<Unit filename="CONSTANTE.h" />
		<Unit filename="jeu.c">
			<Option compilerVar="CC" />
			<Option virtualFolder="sources/" />
		</Unit>
		<Unit filename="jeu.h" />
		<Unit filename="sources/main.c">
			<Option compilerVar="CC" />
		</Unit>
		<Extensions>
			<code_completion />
			<debugger />
			<envvars />
		</Extensions>
	</Project>
</CodeBlocks_project_file>
